{"1.2.0",
[{<<"iso8601">>,{pkg,<<"iso8601">>,<<"1.3.4">>},0},
 {<<"quickrand">>,{pkg,<<"quickrand">>,<<"1.5.4">>},1},
 {<<"uuid">>,{pkg,<<"uuid_erl">>,<<"1.5.2-rc1">>},0},
 {<<"worker_pool">>,{pkg,<<"worker_pool">>,<<"6.4.0">>},0}]}.
[
{pkg_hash,[
 {<<"iso8601">>, <<"7B1F095F86F6CF65E1E5A77872E8E8BF69BD58D4C3A415B3F77D9CC9423ECBB9">>},
 {<<"quickrand">>, <<"47ADD4755CC5F209CBEFFD6F47C84061196CD7FAD99FD8FD12418EB0D06B939D">>},
 {<<"uuid">>, <<"D4022AB3F4F1A28E86EA15D4075CB0C57EC908D8AF1CA2E8AF28AA815EF93C3A">>},
 {<<"worker_pool">>, <<"0347B805A8E5804B5676A9885FB3B9B6C1627099C449C3C67C0E8E6AF79E9AA6">>}]},
{pkg_hash_ext,[
 {<<"iso8601">>, <<"A334469C07F1C219326BC891A95F5EEC8EB12DD8071A3FFF56A7843CB20FAE34">>},
 {<<"quickrand">>, <<"2657DCA4544BF98EC44328F95F2C94A07ACCECE452195C599E43799A760B28B0">>},
 {<<"uuid">>, <<"4297348D9D52A38E2446185F979CB8786FE8784AC053ABE6724C2AF7D7930E38">>},
 {<<"worker_pool">>, <<"59946FBCE1D331CDEB153EDD36A823DC1AAB4C2482662582B983C9C90EBC3461">>}]}
].
